
Microsoft Visual Studio Solution File, Format Version 12.00
# Visual Studio 15
VisualStudioVersion = 15.0.28010.2050
MinimumVisualStudioVersion = 10.0.40219.1
Project("{FAE04EC0-301F-11D3-BF4B-00C04F79EFBC}") = "Canvas", "Canvas\Canvas.csproj", "{EF03143B-0A11-416E-872B-57BB0A39E11C}"
EndProject
Global
	GlobalSection(SolutionConfigurationPlatforms) = preSolution
		Debug|Any CPU = Debug|Any CPU
		Release|Any CPU = Release|Any CPU
	EndGlobalSection
	GlobalSection(ProjectConfigurationPlatforms) = postSolution
		{EF03143B-0A11-416E-872B-57BB0A39E11C}.Debug|Any CPU.ActiveCfg = Debug|Any CPU
		{EF03143B-0A11-416E-872B-57BB0A39E11C}.Debug|Any CPU.Build.0 = Debug|Any CPU
		{EF03143B-0A11-416E-872B-57BB0A39E11C}.Release|Any CPU.ActiveCfg = Release|Any CPU
		{EF03143B-0A11-416E-872B-57BB0A39E11C}.Release|Any CPU.Build.0 = Release|Any CPU
	EndGlobalSection
	GlobalSection(SolutionProperties) = preSolution
		HideSolutionNode = FALSE
	EndGlobalSection
	GlobalSection(ExtensibilityGlobals) = postSolution
		SolutionGuid = {613AEA53-977F-4347-B9CF-9598B45E2685}
	EndGlobalSection
EndGlobal
